
Microsoft Visual Studio Solution File, Format Version 12.00
# Visual Studio Version 17
VisualStudioVersion = 17.1.32421.90
MinimumVisualStudioVersion = 10.0.40219.1
Project("{FAE04EC0-301F-11D3-BF4B-00C04F79EFBC}") = "GradeSwitchCase", "GradeSwitchCase\GradeSwitchCase.csproj", "{EE18F44A-8ADB-4284-A236-757C661DABBB}"
EndProject
Global
	GlobalSection(SolutionConfigurationPlatforms) = preSolution
		Debug|Any CPU = Debug|Any CPU
		Release|Any CPU = Release|Any CPU
	EndGlobalSection
	GlobalSection(ProjectConfigurationPlatforms) = postSolution
		{EE18F44A-8ADB-4284-A236-757C661DABBB}.Debug|Any CPU.ActiveCfg = Debug|Any CPU
		{EE18F44A-8ADB-4284-A236-757C661DABBB}.Debug|Any CPU.Build.0 = Debug|Any CPU
		{EE18F44A-8ADB-4284-A236-757C661DABBB}.Release|Any CPU.ActiveCfg = Release|Any CPU
		{EE18F44A-8ADB-4284-A236-757C661DABBB}.Release|Any CPU.Build.0 = Release|Any CPU
	EndGlobalSection
	GlobalSection(SolutionProperties) = preSolution
		HideSolutionNode = FALSE
	EndGlobalSection
	GlobalSection(ExtensibilityGlobals) = postSolution
		SolutionGuid = {C9DE80E1-B364-4F80-934C-5582183AE35F}
	EndGlobalSection
EndGlobal
