
Microsoft Visual Studio Solution File, Format Version 12.00
# Visual Studio Version 17
VisualStudioVersion = 17.1.32421.90
MinimumVisualStudioVersion = 10.0.40219.1
Project("{FAE04EC0-301F-11D3-BF4B-00C04F79EFBC}") = "RelationalOperators", "RelationalOperators\RelationalOperators.csproj", "{B62BDA25-1EB0-4099-A500-A9BF7652B1DB}"
EndProject
Global
	GlobalSection(SolutionConfigurationPlatforms) = preSolution
		Debug|Any CPU = Debug|Any CPU
		Release|Any CPU = Release|Any CPU
	EndGlobalSection
	GlobalSection(ProjectConfigurationPlatforms) = postSolution
		{B62BDA25-1EB0-4099-A500-A9BF7652B1DB}.Debug|Any CPU.ActiveCfg = Debug|Any CPU
		{B62BDA25-1EB0-4099-A500-A9BF7652B1DB}.Debug|Any CPU.Build.0 = Debug|Any CPU
		{B62BDA25-1EB0-4099-A500-A9BF7652B1DB}.Release|Any CPU.ActiveCfg = Release|Any CPU
		{B62BDA25-1EB0-4099-A500-A9BF7652B1DB}.Release|Any CPU.Build.0 = Release|Any CPU
	EndGlobalSection
	GlobalSection(SolutionProperties) = preSolution
		HideSolutionNode = FALSE
	EndGlobalSection
	GlobalSection(ExtensibilityGlobals) = postSolution
		SolutionGuid = {3685FEE6-CEBD-4E69-A565-819614968396}
	EndGlobalSection
EndGlobal
