
Microsoft Visual Studio Solution File, Format Version 12.00
# Visual Studio Version 17
VisualStudioVersion = 17.1.32421.90
MinimumVisualStudioVersion = 10.0.40219.1
Project("{FAE04EC0-301F-11D3-BF4B-00C04F79EFBC}") = "BreakContinueDemo", "BreakContinueDemo\BreakContinueDemo.csproj", "{45CBE0FC-3F0A-4757-A819-B71AA9041955}"
EndProject
Global
	GlobalSection(SolutionConfigurationPlatforms) = preSolution
		Debug|Any CPU = Debug|Any CPU
		Release|Any CPU = Release|Any CPU
	EndGlobalSection
	GlobalSection(ProjectConfigurationPlatforms) = postSolution
		{45CBE0FC-3F0A-4757-A819-B71AA9041955}.Debug|Any CPU.ActiveCfg = Debug|Any CPU
		{45CBE0FC-3F0A-4757-A819-B71AA9041955}.Debug|Any CPU.Build.0 = Debug|Any CPU
		{45CBE0FC-3F0A-4757-A819-B71AA9041955}.Release|Any CPU.ActiveCfg = Release|Any CPU
		{45CBE0FC-3F0A-4757-A819-B71AA9041955}.Release|Any CPU.Build.0 = Release|Any CPU
	EndGlobalSection
	GlobalSection(SolutionProperties) = preSolution
		HideSolutionNode = FALSE
	EndGlobalSection
	GlobalSection(ExtensibilityGlobals) = postSolution
		SolutionGuid = {22A77485-576A-40E2-A9A2-786F72F32C4A}
	EndGlobalSection
EndGlobal
