
Microsoft Visual Studio Solution File, Format Version 12.00
# Visual Studio Version 17
VisualStudioVersion = 17.1.32421.90
MinimumVisualStudioVersion = 10.0.40219.1
Project("{FAE04EC0-301F-11D3-BF4B-00C04F79EFBC}") = "DiagonalMatrixSum", "DiagonalMatrixSum\DiagonalMatrixSum.csproj", "{90DDC686-D7EF-47F3-A2EA-8DC2F98011AF}"
EndProject
Global
	GlobalSection(SolutionConfigurationPlatforms) = preSolution
		Debug|Any CPU = Debug|Any CPU
		Release|Any CPU = Release|Any CPU
	EndGlobalSection
	GlobalSection(ProjectConfigurationPlatforms) = postSolution
		{90DDC686-D7EF-47F3-A2EA-8DC2F98011AF}.Debug|Any CPU.ActiveCfg = Debug|Any CPU
		{90DDC686-D7EF-47F3-A2EA-8DC2F98011AF}.Debug|Any CPU.Build.0 = Debug|Any CPU
		{90DDC686-D7EF-47F3-A2EA-8DC2F98011AF}.Release|Any CPU.ActiveCfg = Release|Any CPU
		{90DDC686-D7EF-47F3-A2EA-8DC2F98011AF}.Release|Any CPU.Build.0 = Release|Any CPU
	EndGlobalSection
	GlobalSection(SolutionProperties) = preSolution
		HideSolutionNode = FALSE
	EndGlobalSection
	GlobalSection(ExtensibilityGlobals) = postSolution
		SolutionGuid = {F8F79793-176D-4CFC-9B13-9333D5AE086A}
	EndGlobalSection
EndGlobal
